
Microsoft Visual Studio Solution File, Format Version 12.00
# Visual Studio 2012
Project("{FAE04EC0-301F-11D3-BF4B-00C04F79EFBC}") = "ObfuscationManager", "ObfuscationManager\ObfuscationManager.csproj", "{6B6C9FEE-E457-46EF-A54A-495F7828D4A5}"
EndProject
Project("{FAE04EC0-301F-11D3-BF4B-00C04F79EFBC}") = "ILObfuscator", "ILObfuscator\ILObfuscator.csproj", "{7BBCFCFC-F998-41D8-846A-EE3FF0A3D7B6}"
EndProject
Project("{FAE04EC0-301F-11D3-BF4B-00C04F79EFBC}") = "Exchange", "Exchange\Exchange.csproj", "{93D90E85-C287-4B4E-B6EA-FC92E9E1BD76}"
EndProject
Project("{FAE04EC0-301F-11D3-BF4B-00C04F79EFBC}") = "Platform x86", "Platform x86\Platform x86.csproj", "{9C336C5B-D5C9-4B08-A40A-FB90C56A20AD}"
EndProject
Project("{FAE04EC0-301F-11D3-BF4B-00C04F79EFBC}") = "ILObjects", "ILObjects\ILObjects.csproj", "{BB7B46FA-6855-472D-A364-FA83788BB2C3}"
EndProject
Project("{FAE04EC0-301F-11D3-BF4B-00C04F79EFBC}") = "ILServices", "ILServices\ILServices.csproj", "{1DE873E2-65FC-44BA-AB50-5F818C4C8FEA}"
EndProject
Project("{FAE04EC0-301F-11D3-BF4B-00C04F79EFBC}") = "XmlHelper", "XmlHelper\XmlHelper.csproj", "{2194CACF-FEA9-466B-BABD-558541C88E7A}"
EndProject
Global
	GlobalSection(SolutionConfigurationPlatforms) = preSolution
		Debug|Any CPU = Debug|Any CPU
		Debug|Mixed Platforms = Debug|Mixed Platforms
		Debug|Win32 = Debug|Win32
		Release|Any CPU = Release|Any CPU
		Release|Mixed Platforms = Release|Mixed Platforms
		Release|Win32 = Release|Win32
	EndGlobalSection
	GlobalSection(ProjectConfigurationPlatforms) = postSolution
		{6B6C9FEE-E457-46EF-A54A-495F7828D4A5}.Debug|Any CPU.ActiveCfg = Debug|Any CPU
		{6B6C9FEE-E457-46EF-A54A-495F7828D4A5}.Debug|Any CPU.Build.0 = Debug|Any CPU
		{6B6C9FEE-E457-46EF-A54A-495F7828D4A5}.Debug|Mixed Platforms.ActiveCfg = Debug|Any CPU
		{6B6C9FEE-E457-46EF-A54A-495F7828D4A5}.Debug|Mixed Platforms.Build.0 = Debug|Any CPU
		{6B6C9FEE-E457-46EF-A54A-495F7828D4A5}.Debug|Win32.ActiveCfg = Debug|Any CPU
		{6B6C9FEE-E457-46EF-A54A-495F7828D4A5}.Release|Any CPU.ActiveCfg = Release|Any CPU
		{6B6C9FEE-E457-46EF-A54A-495F7828D4A5}.Release|Any CPU.Build.0 = Release|Any CPU
		{6B6C9FEE-E457-46EF-A54A-495F7828D4A5}.Release|Mixed Platforms.ActiveCfg = Release|Any CPU
		{6B6C9FEE-E457-46EF-A54A-495F7828D4A5}.Release|Mixed Platforms.Build.0 = Release|Any CPU
		{6B6C9FEE-E457-46EF-A54A-495F7828D4A5}.Release|Win32.ActiveCfg = Release|Any CPU
		{7BBCFCFC-F998-41D8-846A-EE3FF0A3D7B6}.Debug|Any CPU.ActiveCfg = Debug|Any CPU
		{7BBCFCFC-F998-41D8-846A-EE3FF0A3D7B6}.Debug|Any CPU.Build.0 = Debug|Any CPU
		{7BBCFCFC-F998-41D8-846A-EE3FF0A3D7B6}.Debug|Mixed Platforms.ActiveCfg = Debug|Any CPU
		{7BBCFCFC-F998-41D8-846A-EE3FF0A3D7B6}.Debug|Mixed Platforms.Build.0 = Debug|Any CPU
		{7BBCFCFC-F998-41D8-846A-EE3FF0A3D7B6}.Debug|Win32.ActiveCfg = Debug|Any CPU
		{7BBCFCFC-F998-41D8-846A-EE3FF0A3D7B6}.Release|Any CPU.ActiveCfg = Release|Any CPU
		{7BBCFCFC-F998-41D8-846A-EE3FF0A3D7B6}.Release|Any CPU.Build.0 = Release|Any CPU
		{7BBCFCFC-F998-41D8-846A-EE3FF0A3D7B6}.Release|Mixed Platforms.ActiveCfg = Release|Any CPU
		{7BBCFCFC-F998-41D8-846A-EE3FF0A3D7B6}.Release|Mixed Platforms.Build.0 = Release|Any CPU
		{7BBCFCFC-F998-41D8-846A-EE3FF0A3D7B6}.Release|Win32.ActiveCfg = Release|Any CPU
		{93D90E85-C287-4B4E-B6EA-FC92E9E1BD76}.Debug|Any CPU.ActiveCfg = Debug|Any CPU
		{93D90E85-C287-4B4E-B6EA-FC92E9E1BD76}.Debug|Any CPU.Build.0 = Debug|Any CPU
		{93D90E85-C287-4B4E-B6EA-FC92E9E1BD76}.Debug|Mixed Platforms.ActiveCfg = Debug|Any CPU
		{93D90E85-C287-4B4E-B6EA-FC92E9E1BD76}.Debug|Mixed Platforms.Build.0 = Debug|Any CPU
		{93D90E85-C287-4B4E-B6EA-FC92E9E1BD76}.Debug|Win32.ActiveCfg = Debug|Any CPU
		{93D90E85-C287-4B4E-B6EA-FC92E9E1BD76}.Release|Any CPU.ActiveCfg = Release|Any CPU
		{93D90E85-C287-4B4E-B6EA-FC92E9E1BD76}.Release|Any CPU.Build.0 = Release|Any CPU
		{93D90E85-C287-4B4E-B6EA-FC92E9E1BD76}.Release|Mixed Platforms.ActiveCfg = Release|Any CPU
		{93D90E85-C287-4B4E-B6EA-FC92E9E1BD76}.Release|Mixed Platforms.Build.0 = Release|Any CPU
		{93D90E85-C287-4B4E-B6EA-FC92E9E1BD76}.Release|Win32.ActiveCfg = Release|Any CPU
		{9C336C5B-D5C9-4B08-A40A-FB90C56A20AD}.Debug|Any CPU.ActiveCfg = Debug|Any CPU
		{9C336C5B-D5C9-4B08-A40A-FB90C56A20AD}.Debug|Any CPU.Build.0 = Debug|Any CPU
		{9C336C5B-D5C9-4B08-A40A-FB90C56A20AD}.Debug|Mixed Platforms.ActiveCfg = Debug|Any CPU
		{9C336C5B-D5C9-4B08-A40A-FB90C56A20AD}.Debug|Mixed Platforms.Build.0 = Debug|Any CPU
		{9C336C5B-D5C9-4B08-A40A-FB90C56A20AD}.Debug|Win32.ActiveCfg = Debug|Any CPU
		{9C336C5B-D5C9-4B08-A40A-FB90C56A20AD}.Release|Any CPU.ActiveCfg = Release|Any CPU
		{9C336C5B-D5C9-4B08-A40A-FB90C56A20AD}.Release|Any CPU.Build.0 = Release|Any CPU
		{9C336C5B-D5C9-4B08-A40A-FB90C56A20AD}.Release|Mixed Platforms.ActiveCfg = Release|Any CPU
		{9C336C5B-D5C9-4B08-A40A-FB90C56A20AD}.Release|Mixed Platforms.Build.0 = Release|Any CPU
		{9C336C5B-D5C9-4B08-A40A-FB90C56A20AD}.Release|Win32.ActiveCfg = Release|Any CPU
		{BB7B46FA-6855-472D-A364-FA83788BB2C3}.Debug|Any CPU.ActiveCfg = Debug|Any CPU
		{BB7B46FA-6855-472D-A364-FA83788BB2C3}.Debug|Any CPU.Build.0 = Debug|Any CPU
		{BB7B46FA-6855-472D-A364-FA83788BB2C3}.Debug|Mixed Platforms.ActiveCfg = Debug|Any CPU
		{BB7B46FA-6855-472D-A364-FA83788BB2C3}.Debug|Mixed Platforms.Build.0 = Debug|Any CPU
		{BB7B46FA-6855-472D-A364-FA83788BB2C3}.Debug|Win32.ActiveCfg = Debug|Any CPU
		{BB7B46FA-6855-472D-A364-FA83788BB2C3}.Release|Any CPU.ActiveCfg = Release|Any CPU
		{BB7B46FA-6855-472D-A364-FA83788BB2C3}.Release|Any CPU.Build.0 = Release|Any CPU
		{BB7B46FA-6855-472D-A364-FA83788BB2C3}.Release|Mixed Platforms.ActiveCfg = Release|Any CPU
		{BB7B46FA-6855-472D-A364-FA83788BB2C3}.Release|Mixed Platforms.Build.0 = Release|Any CPU
		{BB7B46FA-6855-472D-A364-FA83788BB2C3}.Release|Win32.ActiveCfg = Release|Any CPU
		{1DE873E2-65FC-44BA-AB50-5F818C4C8FEA}.Debug|Any CPU.ActiveCfg = Debug|Any CPU
		{1DE873E2-65FC-44BA-AB50-5F818C4C8FEA}.Debug|Any CPU.Build.0 = Debug|Any CPU
		{1DE873E2-65FC-44BA-AB50-5F818C4C8FEA}.Debug|Mixed Platforms.ActiveCfg = Debug|Any CPU
		{1DE873E2-65FC-44BA-AB50-5F818C4C8FEA}.Debug|Mixed Platforms.Build.0 = Debug|Any CPU
		{1DE873E2-65FC-44BA-AB50-5F818C4C8FEA}.Debug|Win32.ActiveCfg = Debug|Any CPU
		{1DE873E2-65FC-44BA-AB50-5F818C4C8FEA}.Release|Any CPU.ActiveCfg = Release|Any CPU
		{1DE873E2-65FC-44BA-AB50-5F818C4C8FEA}.Release|Any CPU.Build.0 = Release|Any CPU
		{1DE873E2-65FC-44BA-AB50-5F818C4C8FEA}.Release|Mixed Platforms.ActiveCfg = Release|Any CPU
		{1DE873E2-65FC-44BA-AB50-5F818C4C8FEA}.Release|Mixed Platforms.Build.0 = Release|Any CPU
		{1DE873E2-65FC-44BA-AB50-5F818C4C8FEA}.Release|Win32.ActiveCfg = Release|Any CPU
		{2194CACF-FEA9-466B-BABD-558541C88E7A}.Debug|Any CPU.ActiveCfg = Debug|Any CPU
		{2194CACF-FEA9-466B-BABD-558541C88E7A}.Debug|Any CPU.Build.0 = Debug|Any CPU
		{2194CACF-FEA9-466B-BABD-558541C88E7A}.Debug|Mixed Platforms.ActiveCfg = Debug|Any CPU
		{2194CACF-FEA9-466B-BABD-558541C88E7A}.Debug|Mixed Platforms.Build.0 = Debug|Any CPU
		{2194CACF-FEA9-466B-BABD-558541C88E7A}.Debug|Win32.ActiveCfg = Debug|Any CPU
		{2194CACF-FEA9-466B-BABD-558541C88E7A}.Release|Any CPU.ActiveCfg = Release|Any CPU
		{2194CACF-FEA9-466B-BABD-558541C88E7A}.Release|Any CPU.Build.0 = Release|Any CPU
		{2194CACF-FEA9-466B-BABD-558541C88E7A}.Release|Mixed Platforms.ActiveCfg = Release|Any CPU
		{2194CACF-FEA9-466B-BABD-558541C88E7A}.Release|Mixed Platforms.Build.0 = Release|Any CPU
		{2194CACF-FEA9-466B-BABD-558541C88E7A}.Release|Win32.ActiveCfg = Release|Any CPU
	EndGlobalSection
	GlobalSection(SolutionProperties) = preSolution
		HideSolutionNode = FALSE
	EndGlobalSection
EndGlobal
